
Microsoft Visual Studio Solution File, Format Version 12.00
# Visual Studio Version 16
VisualStudioVersion = 16.0.31019.194
MinimumVisualStudioVersion = 10.0.40219.1
Project("{9A19103F-16F7-4668-BE54-9A1E7A4F7556}") = "Grimoire.Web", "src\Grimoire.Web\Grimoire.Web.csproj", "{B963B8F4-45E2-4847-8058-B56E69B940AB}"
EndProject
Project("{9A19103F-16F7-4668-BE54-9A1E7A4F7556}") = "Grimoire.LineApi", "src\Grimoire.LineApi\Grimoire.LineApi.csproj", "{3D813F49-F62D-4142-9157-744E7438D7F5}"
EndProject
Project("{9A19103F-16F7-4668-BE54-9A1E7A4F7556}") = "Grimoire.LineApi.Tests", "src\Grimoire.LineApi.Tests\Grimoire.LineApi.Tests.csproj", "{6678DA2B-078F-43BF-AF1F-B838DF68E740}"
EndProject
Global
	GlobalSection(SolutionConfigurationPlatforms) = preSolution
		Debug|Any CPU = Debug|Any CPU
		Release|Any CPU = Release|Any CPU
	EndGlobalSection
	GlobalSection(ProjectConfigurationPlatforms) = postSolution
		{B963B8F4-45E2-4847-8058-B56E69B940AB}.Debug|Any CPU.ActiveCfg = Debug|Any CPU
		{B963B8F4-45E2-4847-8058-B56E69B940AB}.Debug|Any CPU.Build.0 = Debug|Any CPU
		{B963B8F4-45E2-4847-8058-B56E69B940AB}.Release|Any CPU.ActiveCfg = Release|Any CPU
		{B963B8F4-45E2-4847-8058-B56E69B940AB}.Release|Any CPU.Build.0 = Release|Any CPU
		{3D813F49-F62D-4142-9157-744E7438D7F5}.Debug|Any CPU.ActiveCfg = Debug|Any CPU
		{3D813F49-F62D-4142-9157-744E7438D7F5}.Debug|Any CPU.Build.0 = Debug|Any CPU
		{3D813F49-F62D-4142-9157-744E7438D7F5}.Release|Any CPU.ActiveCfg = Release|Any CPU
		{3D813F49-F62D-4142-9157-744E7438D7F5}.Release|Any CPU.Build.0 = Release|Any CPU
		{6678DA2B-078F-43BF-AF1F-B838DF68E740}.Debug|Any CPU.ActiveCfg = Debug|Any CPU
		{6678DA2B-078F-43BF-AF1F-B838DF68E740}.Debug|Any CPU.Build.0 = Debug|Any CPU
		{6678DA2B-078F-43BF-AF1F-B838DF68E740}.Release|Any CPU.ActiveCfg = Release|Any CPU
		{6678DA2B-078F-43BF-AF1F-B838DF68E740}.Release|Any CPU.Build.0 = Release|Any CPU
	EndGlobalSection
	GlobalSection(SolutionProperties) = preSolution
		HideSolutionNode = FALSE
	EndGlobalSection
	GlobalSection(ExtensibilityGlobals) = postSolution
		SolutionGuid = {38871C11-63B1-488C-9A44-1760BFEC8D2D}
	EndGlobalSection
EndGlobal
